github.com/Azure/go-ansiterm v0.0.0-20170929234023-d6e3b3328b78 h1:w+iIsaOQNcT7OZ575w+acHgRric5iCyQh+xv+KJ4HB8=
github.com/Azure/go-ansiterm v0.0.0-20170929234023-d6e3b3328b78/go.mod h1:LmzpDX56iTiv29bbRTIsUNlaFfuhWRQBWjQdVyAevI8=
github.com/Sirupsen/logrus v1.0.5 h1:447dy9LxSj+Iaa2uN3yoFHOzU9yJcJYiQPtNz8OXtv0=
github.com/Sirupsen/logrus v1.0.5/go.mod h1:rmk17hk6i8ZSAJkSDa7nOxamrG+SP4P0mm+DAvExv4U=
github.com/aybabtme/color v0.0.0-20140713052517-28ad4cc941d6 h1:k5FebMq+CuzGrf3LBwO3JbwCk5tX+PJQ5L7tR0MQT38=
github.com/aybabtme/color v0.0.0-20140713052517-28ad4cc941d6/go.mod h1:k6bCbg1gudUfWem/VvfWXsk5Qqag/NDXzEHu0mNcsPM=
github.com/codegangsta/cli v1.20.0 h1:iX1FXEgwzd5+XN6wk5cVHOGQj6Q3Dcp20lUeS4lHNTw=
github.com/codegangsta/cli v1.20.0/go.mod h1:/qJNoX69yVSKu5o4jLyXAENLRyk1uhi7zkbQ3slBdOA=
github.com/crosbymichael/octokat v0.0.0-20160826194511-076a32289ed5 h1:bSQiq0fa9sBvnQOFfbAqhXeviZBPe5wLt3Za8Lc6BVE=
github.com/crosbymichael/octokat v0.0.0-20160826194511-076a32289ed5/go.mod h1:iUcho7q/ROQXsT+t/dR0NGhCZPu1u32DyUF0ytzL4JY=
github.com/docker/docker v1.13.1 h1:IkZjBSIc8hBjLpqeAbeE5mca5mNgeatLHBy3GO78BWo=
github.com/docker/docker v1.13.1/go.mod h1:eEKB0N0r5NX/I1kEveEz05bcu8tLC/8azJZsviup8Sk=
github.com/fkautz/codereview v0.0.0-20180419170307-527cb013902d h1:o9CZRY+wuTKrHczreoX9cbiucs4+5EUjCwF6YkusFHE=
github.com/fkautz/codereview v0.0.0-20180419170307-527cb013902d/go.mod h1:+h7d69DACAqPassRNAyDntbO38G1MRWQbKa88H2iSGc=
golang.org/x/crypto v0.0.0-20180501155221-613d6eafa307 h1:O5C+XK++apFo5B+Vq4ujc/LkLwHxg9fDdgjgoIikBdA=
golang.org/x/crypto v0.0.0-20180501155221-613d6eafa307/go.mod h1:6SG95UA2DQfeDnfUPMdvaQW0Q7yPrPDi9nlGo2tz2b4=
golang.org/x/sys v0.0.0-20180501092740-78d5f264b493 h1:IdoM71H+6PmWKfe808vA3uKntXqEtc9yMa7A8TxcVVg=
golang.org/x/sys v0.0.0-20180501092740-78d5f264b493/go.mod h1:STP8DvDyc/dI5b8T5hshtkjS+E42TnysNCUPdjciGhY=
