# This file is autogenerated, do not edit; changes may be undone by the next 'dep ensure'.


[[projects]]
  branch = "master"
  name = "github.com/Azure/go-ansiterm"
  packages = [
    ".",
    "winterm"
  ]
  revision = "d6e3b3328b783f23731bc4d058875b0371ff8109"

[[projects]]
  name = "github.com/Sirupsen/logrus"
  packages = ["."]
  revision = "c155da19408a8799da419ed3eeb0cb5db0ad5dbc"
  version = "v1.0.5"

[[projects]]
  branch = "master"
  name = "github.com/aybabtme/color"
  packages = [
    ".",
    "brush"
  ]
  revision = "28ad4cc941d69a60df8d0af1233fd5a2793c2801"

[[projects]]
  name = "github.com/codegangsta/cli"
  packages = ["."]
  revision = "cfb38830724cc34fedffe9a2a29fb54fa9169cd1"
  version = "v1.20.0"

[[projects]]
  branch = "master"
  name = "github.com/crosbymichael/octokat"
  packages = ["."]
  revision = "076a32289ed52881ba23f353b3acc8510e5119ed"

[[projects]]
  name = "github.com/docker/docker"
  packages = [
    "pkg/term",
    "pkg/term/windows"
  ]
  revision = "092cba3727bb9b4a2f0e922cd6c0f93ea270e363"
  version = "v1.13.1"

[[projects]]
  branch = "master"
  name = "github.com/fkautz/codereview"
  packages = [
    "git85",
    "patch"
  ]
  revision = "527cb013902de485f18cac675e5e2b542f5a0024"

[[projects]]
  branch = "master"
  name = "golang.org/x/crypto"
  packages = ["ssh/terminal"]
  revision = "d6449816ce06963d9d136eee5a56fca5b0616e7e"

[[projects]]
  branch = "master"
  name = "golang.org/x/sys"
  packages = [
    "unix",
    "windows"
  ]
  revision = "3ccc7e5779793fd54564baf60c51bf017955e0ba"

[solve-meta]
  analyzer-name = "dep"
  analyzer-version = 1
  inputs-digest = "d1ec9f4529c67c2761b35ad77555e388784566655485dd451300c71d4bc12667"
  solver-name = "gps-cdcl"
  solver-version = 1
